
Microsoft Visual Studio Solution File, Format Version 12.00
# Visual Studio Version 17
VisualStudioVersion = 17.1.32319.34
MinimumVisualStudioVersion = 10.0.40219.1
Project("{FAE04EC0-301F-11D3-BF4B-00C04F79EFBC}") = "Calculator", "Calculator\Calculator.csproj", "{6EE97BE2-12C0-4E2A-9B27-65A3DB0E4683}"
EndProject
Global
	GlobalSection(SolutionConfigurationPlatforms) = preSolution
		Debug|Any CPU = Debug|Any CPU
		Release|Any CPU = Release|Any CPU
	EndGlobalSection
	GlobalSection(ProjectConfigurationPlatforms) = postSolution
		{6EE97BE2-12C0-4E2A-9B27-65A3DB0E4683}.Debug|Any CPU.ActiveCfg = Debug|Any CPU
		{6EE97BE2-12C0-4E2A-9B27-65A3DB0E4683}.Debug|Any CPU.Build.0 = Debug|Any CPU
		{6EE97BE2-12C0-4E2A-9B27-65A3DB0E4683}.Release|Any CPU.ActiveCfg = Release|Any CPU
		{6EE97BE2-12C0-4E2A-9B27-65A3DB0E4683}.Release|Any CPU.Build.0 = Release|Any CPU
	EndGlobalSection
	GlobalSection(SolutionProperties) = preSolution
		HideSolutionNode = FALSE
	EndGlobalSection
	GlobalSection(ExtensibilityGlobals) = postSolution
		SolutionGuid = {474FDAFF-7DFA-499F-A9F1-B47045BE0208}
	EndGlobalSection
EndGlobal
